// !$*UTF8*$!
{
	archiveVersion = 1;
	classes = {
	};
	objectVersion = 46;
	objects = {

/* Begin PBXBuildFile section */
		F409994E1E3957FD00DDDB0D /* main.cpp in Sources */ = {isa = PBXBuildFile; fileRef = F409994D1E3957FD00DDDB0D /* main.cpp */; };
		F40999561E39595F00DDDB0D /* GLUT.framework in Frameworks */ = {isa = PBXBuildFile; fileRef = F40999551E39595F00DDDB0D /* GLUT.framework */; };
		F40999581E39596500DDDB0D /* OpenGL.framework in Frameworks */ = {isa = PBXBuildFile; fileRef = F40999571E39596500DDDB0D /* OpenGL.framework */; };
/* End PBXBuildFile section */

/* Begin PBXCopyFilesBuildPhase section */
		F40999481E3957FD00DDDB0D /* CopyFiles */ = {
			isa = PBXCopyFilesBuildPhase;
			buildActionMask = 2147483647;
			dstPath = /usr/share/man/man1/;
			dstSubfolderSpec = 0;
			files = (
			);
			runOnlyForDeploymentPostprocessing = 1;
		};
/* End PBXCopyFilesBuildPhase section */

/* Begin PBXFileReference section */
		F409994A1E3957FD00DDDB0D /* 3D-Assignment3 */ = {isa = PBXFileReference; explicitFileType = "compiled.mach-o.executable"; includeInIndex = 0; path = "3D-Assignment3"; sourceTree = BUILT_PRODUCTS_DIR; };
		F409994D1E3957FD00DDDB0D /* main.cpp */ = {isa = PBXFileReference; lastKnownFileType = sourcecode.cpp.cpp; path = main.cpp; sourceTree = "<group>"; };
		F40999551E39595F00DDDB0D /* GLUT.framework */ = {isa = PBXFileReference; lastKnownFileType = wrapper.framework; name = GLUT.framework; path = System/Library/Frameworks/GLUT.framework; sourceTree = SDKROOT; };
		F40999571E39596500DDDB0D /* OpenGL.framework */ = {isa = PBXFileReference; lastKnownFileType = wrapper.framework; name = OpenGL.framework; path = System/Library/Frameworks/OpenGL.framework; sourceTree = SDKROOT; };
/* End PBXFileReference section */

/* Begin PBXFrameworksBuildPhase section */
		F40999471E3957FD00DDDB0D /* Frameworks */ = {
			isa = PBXFrameworksBuildPhase;
			buildActionMask = 2147483647;
			files = (
				F40999581E39596500DDDB0D /* OpenGL.framework in Frameworks */,
				F40999561E39595F00DDDB0D /* GLUT.framework in Frameworks */,
			);
			runOnlyForDeploymentPostprocessing = 0;
		};
/* End PBXFrameworksBuildPhase section */

/* Begin PBXGroup section */
		F40999411E3957FD00DDDB0D = {
			isa = PBXGroup;
			children = (
				F409994C1E3957FD00DDDB0D /* 3D-Assignment3 */,
				F409994B1E3957FD00DDDB0D /* Products */,
				F40999541E39595F00DDDB0D /* Frameworks */,
			);
			sourceTree = "<group>";
		};
		F409994B1E3957FD00DDDB0D /* Products */ = {
			isa = PBXGroup;
			children = (
				F409994A1E3957FD00DDDB0D /* 3D-Assignment3 */,
			);
			name = Products;
			sourceTree = "<group>";
		};
		F409994C1E3957FD00DDDB0D /* 3D-Assignment3 */ = {
			isa = PBXGroup;
			children = (
				F409994D1E3957FD00DDDB0D /* main.cpp */,
			);
			path = "3D-Assignment3";
			sourceTree = "<group>";
		};
		F40999541E39595F00DDDB0D /* Frameworks */ = {
			isa = PBXGroup;
			children = (
				F40999571E39596500DDDB0D /* OpenGL.framework */,
				F40999551E39595F00DDDB0D /* GLUT.framework */,
			);
			name = Frameworks;
			sourceTree = "<group>";
		};
/* End PBXGroup section */

/* Begin PBXNativeTarget section */
		F40999491E3957FD00DDDB0D /* 3D-Assignment3 */ = {
			isa = PBXNativeTarget;
			buildConfigurationList = F40999511E3957FD00DDDB0D /* Build configuration list for PBXNativeTarget "3D-Assignment3" */;
			buildPhases = (
				F40999461E3957FD00DDDB0D /* Sources */,
				F40999471E3957FD00DDDB0D /* Frameworks */,
				F40999481E3957FD00DDDB0D /* CopyFiles */,
			);
			buildRules = (
			);
			dependencies = (
			);
			name = "3D-Assignment3";
			productName = "3D-Assignment3";
			productReference = F409994A1E3957FD00DDDB0D /* 3D-Assignment3 */;
			productType = "com.apple.product-type.tool";
		};
/* End PBXNativeTarget section */

/* Begin PBXProject section */
		F40999421E3957FD00DDDB0D /* Project object */ = {
			isa = PBXProject;
			attributes = {
				LastUpgradeCheck = 0800;
				ORGANIZATIONNAME = UUSim;
				TargetAttributes = {
					F40999491E3957FD00DDDB0D = {
						CreatedOnToolsVersion = 8.0;
						ProvisioningStyle = Automatic;
					};
				};
			};
			buildConfigurationList = F40999451E3957FD00DDDB0D /* Build configuration list for PBXProject "3D-Assignment3" */;
			compatibilityVersion = "Xcode 3.2";
			developmentRegion = English;
			hasScannedForEncodings = 0;
			knownRegions = (
				en,
			);
			mainGroup = F40999411E3957FD00DDDB0D;
			productRefGroup = F409994B1E3957FD00DDDB0D /* Products */;
			projectDirPath = "";
			projectRoot = "";
			targets = (
				F40999491E3957FD00DDDB0D /* 3D-Assignment3 */,
			);
		};
/* End PBXProject section */

/* Begin PBXSourcesBuildPhase section */
		F40999461E3957FD00DDDB0D /* Sources */ = {
			isa = PBXSourcesBuildPhase;
			buildActionMask = 2147483647;
			files = (
				F409994E1E3957FD00DDDB0D /* main.cpp in Sources */,
			);
			runOnlyForDeploymentPostprocessing = 0;
		};
/* End PBXSourcesBuildPhase section */

/* Begin XCBuildConfiguration section */
		F409994F1E3957FD00DDDB0D /* Debug */ = {
			isa = XCBuildConfiguration;
			buildSettings = {
				ALWAYS_SEARCH_USER_PATHS = NO;
				CLANG_ANALYZER_NONNULL = YES;
				CLANG_CXX_LANGUAGE_STANDARD = "gnu++0x";
				CLANG_CXX_LIBRARY = "libc++";
				CLANG_ENABLE_MODULES = YES;
				CLANG_ENABLE_OBJC_ARC = YES;
				CLANG_WARN_BOOL_CONVERSION = YES;
				CLANG_WARN_CONSTANT_CONVERSION = YES;
				CLANG_WARN_DIRECT_OBJC_ISA_USAGE = YES_ERROR;
				CLANG_WARN_DOCUMENTATION_COMMENTS = YES;
				CLANG_WARN_EMPTY_BODY = YES;
				CLANG_WARN_ENUM_CONVERSION = YES;
				CLANG_WARN_INFINITE_RECURSION = YES;
				CLANG_WARN_INT_CONVERSION = YES;
				CLANG_WARN_OBJC_ROOT_CLASS = YES_ERROR;
				CLANG_WARN_SUSPICIOUS_MOVES = YES;
				CLANG_WARN_UNREACHABLE_CODE = YES;
				CLANG_WARN__DUPLICATE_METHOD_MATCH = YES;
				CODE_SIGN_IDENTITY = "-";
				COPY_PHASE_STRIP = NO;
				DEBUG_INFORMATION_FORMAT = dwarf;
				ENABLE_STRICT_OBJC_MSGSEND = YES;
				ENABLE_TESTABILITY = YES;
				GCC_C_LANGUAGE_STANDARD = gnu99;
				GCC_DYNAMIC_NO_PIC = NO;
				GCC_NO_COMMON_BLOCKS = YES;
				GCC_OPTIMIZATION_LEVEL = 0;
				GCC_PREPROCESSOR_DEFINITIONS = (
					"DEBUG=1",
					"$(inherited)",
				);
				GCC_WARN_64_TO_32_BIT_CONVERSION = YES;
				GCC_WARN_ABOUT_RETURN_TYPE = YES_ERROR;
				GCC_WARN_UNDECLARED_SELECTOR = YES;
				GCC_WARN_UNINITIALIZED_AUTOS = YES_AGGRESSIVE;
				GCC_WARN_UNUSED_FUNCTION = YES;
				GCC_WARN_UNUSED_VARIABLE = YES;
				MACOSX_DEPLOYMENT_TARGET = 10.11;
				MTL_ENABLE_DEBUG_INFO = YES;
				ONLY_ACTIVE_ARCH = YES;
				SDKROOT = macosx;
			};
			name = Debug;
		};
		F40999501E3957FD00DDDB0D /* Release */ = {
			isa = XCBuildConfiguration;
			buildSettings = {
				ALWAYS_SEARCH_USER_PATHS = NO;
				CLANG_ANALYZER_NONNULL = YES;
				CLANG_CXX_LANGUAGE_STANDARD = "gnu++0x";
				CLANG_CXX_LIBRARY = "libc++";
				CLANG_ENABLE_MODULES = YES;
				CLANG_ENABLE_OBJC_ARC = YES;
				CLANG_WARN_BOOL_CONVERSION = YES;
				CLANG_WARN_CONSTANT_CONVERSION = YES;
				CLANG_WARN_DIRECT_OBJC_ISA_USAGE = YES_ERROR;
				CLANG_WARN_DOCUMENTATION_COMMENTS = YES;
				CLANG_WARN_EMPTY_BODY = YES;
				CLANG_WARN_ENUM_CONVERSION = YES;
				CLANG_WARN_INFINITE_RECURSION = YES;
				CLANG_WARN_INT_CONVERSION = YES;
				CLANG_WARN_OBJC_ROOT_CLASS = YES_ERROR;
				CLANG_WARN_SUSPICIOUS_MOVES = YES;
				CLANG_WARN_UNREACHABLE_CODE = YES;
				CLANG_WARN__DUPLICATE_METHOD_MATCH = YES;
				CODE_SIGN_IDENTITY = "-";
				COPY_PHASE_STRIP = NO;
				DEBUG_INFORMATION_FORMAT = "dwarf-with-dsym";
				ENABLE_NS_ASSERTIONS = NO;
				ENABLE_STRICT_OBJC_MSGSEND = YES;
				GCC_C_LANGUAGE_STANDARD = gnu99;
				GCC_NO_COMMON_BLOCKS = YES;
				GCC_WARN_64_TO_32_BIT_CONVERSION = YES;
				GCC_WARN_ABOUT_RETURN_TYPE = YES_ERROR;
				GCC_WARN_UNDECLARED_SELECTOR = YES;
				GCC_WARN_UNINITIALIZED_AUTOS = YES_AGGRESSIVE;
				GCC_WARN_UNUSED_FUNCTION = YES;
				GCC_WARN_UNUSED_VARIABLE = YES;
				MACOSX_DEPLOYMENT_TARGET = 10.11;
				MTL_ENABLE_DEBUG_INFO = NO;
				SDKROOT = macosx;
			};
			name = Release;
		};
		F40999521E3957FD00DDDB0D /* Debug */ = {
			isa = XCBuildConfiguration;
			buildSettings = {
				PRODUCT_NAME = "$(TARGET_NAME)";
			};
			name = Debug;
		};
		F40999531E3957FD00DDDB0D /* Release */ = {
			isa = XCBuildConfiguration;
			buildSettings = {
				PRODUCT_NAME = "$(TARGET_NAME)";
			};
			name = Release;
		};
/* End XCBuildConfiguration section */

/* Begin XCConfigurationList section */
		F40999451E3957FD00DDDB0D /* Build configuration list for PBXProject "3D-Assignment3" */ = {
			isa = XCConfigurationList;
			buildConfigurations = (
				F409994F1E3957FD00DDDB0D /* Debug */,
				F40999501E3957FD00DDDB0D /* Release */,
			);
			defaultConfigurationIsVisible = 0;
			defaultConfigurationName = Release;
		};
		F40999511E3957FD00DDDB0D /* Build configuration list for PBXNativeTarget "3D-Assignment3" */ = {
			isa = XCConfigurationList;
			buildConfigurations = (
				F40999521E3957FD00DDDB0D /* Debug */,
				F40999531E3957FD00DDDB0D /* Release */,
			);
			defaultConfigurationIsVisible = 0;
		};
/* End XCConfigurationList section */
	};
	rootObject = F40999421E3957FD00DDDB0D /* Project object */;
}
